schema: '2.0'
stages:
  load_data:
    cmd: python src/load_data.py --config=parameters.yaml
    deps:
    - path: data_given/winequality.csv
      md5: ccc8d3507eb151f53f760d36abdef888
      size: 91998
    - path: src/get_data.py
      md5: 73a6f00b378f606c6327f34639e008be
      size: 660
    - path: src/load_data.py
      md5: c54c1fa6a08fc1818b5f835659b59c8f
      size: 619
    outs:
    - path: data/raw/winequality.csv
      md5: d98e8f2eca228c11c4de1cc96866a54d
      size: 93598
